// !$*UTF8*$!
{
	archiveVersion = 1;
	classes = {
	};
	objectVersion = 56;
	objects = {

/* Begin PBXBuildFile section */
		D50994FE2A1AF79D00CB5035 /* Gestor_manadaApp.swift in Sources */ = {isa = PBXBuildFile; fileRef = D50994FD2A1AF79D00CB5035 /* Gestor_manadaApp.swift */; };
		D50995002A1AF79D00CB5035 /* ContentView.swift in Sources */ = {isa = PBXBuildFile; fileRef = D50994FF2A1AF79D00CB5035 /* ContentView.swift */; };
		D50995022A1AF79F00CB5035 /* Assets.xcassets in Resources */ = {isa = PBXBuildFile; fileRef = D50995012A1AF79F00CB5035 /* Assets.xcassets */; };
		D50995052A1AF79F00CB5035 /* Preview Assets.xcassets in Resources */ = {isa = PBXBuildFile; fileRef = D50995042A1AF79F00CB5035 /* Preview Assets.xcassets */; };
		D509950C2A1AFBCD00CB5035 /* IntegrentesView.swift in Sources */ = {isa = PBXBuildFile; fileRef = D509950B2A1AFBCD00CB5035 /* IntegrentesView.swift */; };
		D50995102A1AFCAC00CB5035 /* ActividadesView.swift in Sources */ = {isa = PBXBuildFile; fileRef = D509950F2A1AFCAC00CB5035 /* ActividadesView.swift */; };
		D50995122A1AFE3900CB5035 /* IntegrantesModel.swift in Sources */ = {isa = PBXBuildFile; fileRef = D50995112A1AFE3900CB5035 /* IntegrantesModel.swift */; };
		D50995152A1B048000CB5035 /* FirebaseDatabase in Frameworks */ = {isa = PBXBuildFile; productRef = D50995142A1B048000CB5035 /* FirebaseDatabase */; };
		D50995172A1B048000CB5035 /* FirebaseDatabaseSwift in Frameworks */ = {isa = PBXBuildFile; productRef = D50995162A1B048000CB5035 /* FirebaseDatabaseSwift */; };
		D50995192A1B048000CB5035 /* FirebaseFirestoreCombine-Community in Frameworks */ = {isa = PBXBuildFile; productRef = D50995182A1B048000CB5035 /* FirebaseFirestoreCombine-Community */; };
		D52F14022A1B055A007BC437 /* IntegrantesViewModel.swift in Sources */ = {isa = PBXBuildFile; fileRef = D52F14012A1B055A007BC437 /* IntegrantesViewModel.swift */; };
		D52F14042A1B08FE007BC437 /* GoogleService-Info.plist in Resources */ = {isa = PBXBuildFile; fileRef = D52F14032A1B08FE007BC437 /* GoogleService-Info.plist */; };
		D52F14062A1B1EE5007BC437 /* IntegranteInfo.swift in Sources */ = {isa = PBXBuildFile; fileRef = D52F14052A1B1EE5007BC437 /* IntegranteInfo.swift */; };
		D52F14082A1B2BE2007BC437 /* IntegranteNuevo.swift in Sources */ = {isa = PBXBuildFile; fileRef = D52F14072A1B2BE2007BC437 /* IntegranteNuevo.swift */; };
		D54097762A1BD15700EA8803 /* InfoRow.swift in Sources */ = {isa = PBXBuildFile; fileRef = D54097752A1BD15700EA8803 /* InfoRow.swift */; };
		D54097782A1BD43600EA8803 /* InfoSeisena.swift in Sources */ = {isa = PBXBuildFile; fileRef = D54097772A1BD43600EA8803 /* InfoSeisena.swift */; };
/* End PBXBuildFile section */

/* Begin PBXFileReference section */
		D50994FA2A1AF79D00CB5035 /* Gestor manada.app */ = {isa = PBXFileReference; explicitFileType = wrapper.application; includeInIndex = 0; path = "Gestor manada.app"; sourceTree = BUILT_PRODUCTS_DIR; };
		D50994FD2A1AF79D00CB5035 /* Gestor_manadaApp.swift */ = {isa = PBXFileReference; lastKnownFileType = sourcecode.swift; path = Gestor_manadaApp.swift; sourceTree = "<group>"; };
		D50994FF2A1AF79D00CB5035 /* ContentView.swift */ = {isa = PBXFileReference; lastKnownFileType = sourcecode.swift; path = ContentView.swift; sourceTree = "<group>"; };
		D50995012A1AF79F00CB5035 /* Assets.xcassets */ = {isa = PBXFileReference; lastKnownFileType = folder.assetcatalog; path = Assets.xcassets; sourceTree = "<group>"; };
		D50995042A1AF79F00CB5035 /* Preview Assets.xcassets */ = {isa = PBXFileReference; lastKnownFileType = folder.assetcatalog; path = "Preview Assets.xcassets"; sourceTree = "<group>"; };
		D509950B2A1AFBCD00CB5035 /* IntegrentesView.swift */ = {isa = PBXFileReference; lastKnownFileType = sourcecode.swift; path = IntegrentesView.swift; sourceTree = "<group>"; };
		D509950F2A1AFCAC00CB5035 /* ActividadesView.swift */ = {isa = PBXFileReference; lastKnownFileType = sourcecode.swift; path = ActividadesView.swift; sourceTree = "<group>"; };
		D50995112A1AFE3900CB5035 /* IntegrantesModel.swift */ = {isa = PBXFileReference; lastKnownFileType = sourcecode.swift; path = IntegrantesModel.swift; sourceTree = "<group>"; };
		D52F14012A1B055A007BC437 /* IntegrantesViewModel.swift */ = {isa = PBXFileReference; lastKnownFileType = sourcecode.swift; path = IntegrantesViewModel.swift; sourceTree = "<group>"; };
		D52F14032A1B08FE007BC437 /* GoogleService-Info.plist */ = {isa = PBXFileReference; fileEncoding = 4; lastKnownFileType = text.plist.xml; path = "GoogleService-Info.plist"; sourceTree = "<group>"; };
		D52F14052A1B1EE5007BC437 /* IntegranteInfo.swift */ = {isa = PBXFileReference; lastKnownFileType = sourcecode.swift; path = IntegranteInfo.swift; sourceTree = "<group>"; };
		D52F14072A1B2BE2007BC437 /* IntegranteNuevo.swift */ = {isa = PBXFileReference; lastKnownFileType = sourcecode.swift; path = IntegranteNuevo.swift; sourceTree = "<group>"; };
		D54097752A1BD15700EA8803 /* InfoRow.swift */ = {isa = PBXFileReference; lastKnownFileType = sourcecode.swift; path = InfoRow.swift; sourceTree = "<group>"; };
		D54097772A1BD43600EA8803 /* InfoSeisena.swift */ = {isa = PBXFileReference; lastKnownFileType = sourcecode.swift; path = InfoSeisena.swift; sourceTree = "<group>"; };
/* End PBXFileReference section */

/* Begin PBXFrameworksBuildPhase section */
		D50994F72A1AF79D00CB5035 /* Frameworks */ = {
			isa = PBXFrameworksBuildPhase;
			buildActionMask = 2147483647;
			files = (
				D50995192A1B048000CB5035 /* FirebaseFirestoreCombine-Community in Frameworks */,
				D50995172A1B048000CB5035 /* FirebaseDatabaseSwift in Frameworks */,
				D50995152A1B048000CB5035 /* FirebaseDatabase in Frameworks */,
			);
			runOnlyForDeploymentPostprocessing = 0;
		};
/* End PBXFrameworksBuildPhase section */

/* Begin PBXGroup section */
		D50994F12A1AF79D00CB5035 = {
			isa = PBXGroup;
			children = (
				D50994FC2A1AF79D00CB5035 /* Gestor manada */,
				D50994FB2A1AF79D00CB5035 /* Products */,
			);
			sourceTree = "<group>";
		};
		D50994FB2A1AF79D00CB5035 /* Products */ = {
			isa = PBXGroup;
			children = (
				D50994FA2A1AF79D00CB5035 /* Gestor manada.app */,
			);
			name = Products;
			sourceTree = "<group>";
		};
		D50994FC2A1AF79D00CB5035 /* Gestor manada */ = {
			isa = PBXGroup;
			children = (
				D54097742A1BD12300EA8803 /* Components */,
				D509950E2A1AFC9A00CB5035 /* Actividades */,
				D509950D2A1AFBD800CB5035 /* Integrantes */,
				D50994FD2A1AF79D00CB5035 /* Gestor_manadaApp.swift */,
				D50994FF2A1AF79D00CB5035 /* ContentView.swift */,
				D50995012A1AF79F00CB5035 /* Assets.xcassets */,
				D52F14032A1B08FE007BC437 /* GoogleService-Info.plist */,
				D50995032A1AF79F00CB5035 /* Preview Content */,
			);
			path = "Gestor manada";
			sourceTree = "<group>";
		};
		D50995032A1AF79F00CB5035 /* Preview Content */ = {
			isa = PBXGroup;
			children = (
				D50995042A1AF79F00CB5035 /* Preview Assets.xcassets */,
			);
			path = "Preview Content";
			sourceTree = "<group>";
		};
		D509950D2A1AFBD800CB5035 /* Integrantes */ = {
			isa = PBXGroup;
			children = (
				D509950B2A1AFBCD00CB5035 /* IntegrentesView.swift */,
				D50995112A1AFE3900CB5035 /* IntegrantesModel.swift */,
				D52F14012A1B055A007BC437 /* IntegrantesViewModel.swift */,
				D52F14052A1B1EE5007BC437 /* IntegranteInfo.swift */,
				D52F14072A1B2BE2007BC437 /* IntegranteNuevo.swift */,
			);
			path = Integrantes;
			sourceTree = "<group>";
		};
		D509950E2A1AFC9A00CB5035 /* Actividades */ = {
			isa = PBXGroup;
			children = (
				D509950F2A1AFCAC00CB5035 /* ActividadesView.swift */,
			);
			path = Actividades;
			sourceTree = "<group>";
		};
		D54097742A1BD12300EA8803 /* Components */ = {
			isa = PBXGroup;
			children = (
				D54097752A1BD15700EA8803 /* InfoRow.swift */,
				D54097772A1BD43600EA8803 /* InfoSeisena.swift */,
			);
			path = Components;
			sourceTree = "<group>";
		};
/* End PBXGroup section */

/* Begin PBXNativeTarget section */
		D50994F92A1AF79D00CB5035 /* Gestor manada */ = {
			isa = PBXNativeTarget;
			buildConfigurationList = D50995082A1AF79F00CB5035 /* Build configuration list for PBXNativeTarget "Gestor manada" */;
			buildPhases = (
				D50994F62A1AF79D00CB5035 /* Sources */,
				D50994F72A1AF79D00CB5035 /* Frameworks */,
				D50994F82A1AF79D00CB5035 /* Resources */,
			);
			buildRules = (
			);
			dependencies = (
			);
			name = "Gestor manada";
			packageProductDependencies = (
				D50995142A1B048000CB5035 /* FirebaseDatabase */,
				D50995162A1B048000CB5035 /* FirebaseDatabaseSwift */,
				D50995182A1B048000CB5035 /* FirebaseFirestoreCombine-Community */,
			);
			productName = "Gestor manada";
			productReference = D50994FA2A1AF79D00CB5035 /* Gestor manada.app */;
			productType = "com.apple.product-type.application";
		};
/* End PBXNativeTarget section */

/* Begin PBXProject section */
		D50994F22A1AF79D00CB5035 /* Project object */ = {
			isa = PBXProject;
			attributes = {
				BuildIndependentTargetsInParallel = 1;
				LastSwiftUpdateCheck = 1430;
				LastUpgradeCheck = 1430;
				TargetAttributes = {
					D50994F92A1AF79D00CB5035 = {
						CreatedOnToolsVersion = 14.3;
					};
				};
			};
			buildConfigurationList = D50994F52A1AF79D00CB5035 /* Build configuration list for PBXProject "Gestor manada" */;
			compatibilityVersion = "Xcode 14.0";
			developmentRegion = en;
			hasScannedForEncodings = 0;
			knownRegions = (
				en,
				Base,
			);
			mainGroup = D50994F12A1AF79D00CB5035;
			packageReferences = (
				D50995132A1B048000CB5035 /* XCRemoteSwiftPackageReference "firebase-ios-sdk" */,
			);
			productRefGroup = D50994FB2A1AF79D00CB5035 /* Products */;
			projectDirPath = "";
			projectRoot = "";
			targets = (
				D50994F92A1AF79D00CB5035 /* Gestor manada */,
			);
		};
/* End PBXProject section */

/* Begin PBXResourcesBuildPhase section */
		D50994F82A1AF79D00CB5035 /* Resources */ = {
			isa = PBXResourcesBuildPhase;
			buildActionMask = 2147483647;
			files = (
				D50995052A1AF79F00CB5035 /* Preview Assets.xcassets in Resources */,
				D50995022A1AF79F00CB5035 /* Assets.xcassets in Resources */,
				D52F14042A1B08FE007BC437 /* GoogleService-Info.plist in Resources */,
			);
			runOnlyForDeploymentPostprocessing = 0;
		};
/* End PBXResourcesBuildPhase section */

/* Begin PBXSourcesBuildPhase section */
		D50994F62A1AF79D00CB5035 /* Sources */ = {
			isa = PBXSourcesBuildPhase;
			buildActionMask = 2147483647;
			files = (
				D52F14062A1B1EE5007BC437 /* IntegranteInfo.swift in Sources */,
				D50995102A1AFCAC00CB5035 /* ActividadesView.swift in Sources */,
				D50995002A1AF79D00CB5035 /* ContentView.swift in Sources */,
				D50995122A1AFE3900CB5035 /* IntegrantesModel.swift in Sources */,
				D54097782A1BD43600EA8803 /* InfoSeisena.swift in Sources */,
				D50994FE2A1AF79D00CB5035 /* Gestor_manadaApp.swift in Sources */,
				D509950C2A1AFBCD00CB5035 /* IntegrentesView.swift in Sources */,
				D52F14082A1B2BE2007BC437 /* IntegranteNuevo.swift in Sources */,
				D52F14022A1B055A007BC437 /* IntegrantesViewModel.swift in Sources */,
				D54097762A1BD15700EA8803 /* InfoRow.swift in Sources */,
			);
			runOnlyForDeploymentPostprocessing = 0;
		};
/* End PBXSourcesBuildPhase section */

/* Begin XCBuildConfiguration section */
		D50995062A1AF79F00CB5035 /* Debug */ = {
			isa = XCBuildConfiguration;
			buildSettings = {
				ALWAYS_SEARCH_USER_PATHS = NO;
				CLANG_ANALYZER_NONNULL = YES;
				CLANG_ANALYZER_NUMBER_OBJECT_CONVERSION = YES_AGGRESSIVE;
				CLANG_CXX_LANGUAGE_STANDARD = "gnu++20";
				CLANG_ENABLE_MODULES = YES;
				CLANG_ENABLE_OBJC_ARC = YES;
				CLANG_ENABLE_OBJC_WEAK = YES;
				CLANG_WARN_BLOCK_CAPTURE_AUTORELEASING = YES;
				CLANG_WARN_BOOL_CONVERSION = YES;
				CLANG_WARN_COMMA = YES;
				CLANG_WARN_CONSTANT_CONVERSION = YES;
				CLANG_WARN_DEPRECATED_OBJC_IMPLEMENTATIONS = YES;
				CLANG_WARN_DIRECT_OBJC_ISA_USAGE = YES_ERROR;
				CLANG_WARN_DOCUMENTATION_COMMENTS = YES;
				CLANG_WARN_EMPTY_BODY = YES;
				CLANG_WARN_ENUM_CONVERSION = YES;
				CLANG_WARN_INFINITE_RECURSION = YES;
				CLANG_WARN_INT_CONVERSION = YES;
				CLANG_WARN_NON_LITERAL_NULL_CONVERSION = YES;
				CLANG_WARN_OBJC_IMPLICIT_RETAIN_SELF = YES;
				CLANG_WARN_OBJC_LITERAL_CONVERSION = YES;
				CLANG_WARN_OBJC_ROOT_CLASS = YES_ERROR;
				CLANG_WARN_QUOTED_INCLUDE_IN_FRAMEWORK_HEADER = YES;
				CLANG_WARN_RANGE_LOOP_ANALYSIS = YES;
				CLANG_WARN_STRICT_PROTOTYPES = YES;
				CLANG_WARN_SUSPICIOUS_MOVE = YES;
				CLANG_WARN_UNGUARDED_AVAILABILITY = YES_AGGRESSIVE;
				CLANG_WARN_UNREACHABLE_CODE = YES;
				CLANG_WARN__DUPLICATE_METHOD_MATCH = YES;
				COPY_PHASE_STRIP = NO;
				DEBUG_INFORMATION_FORMAT = dwarf;
				ENABLE_STRICT_OBJC_MSGSEND = YES;
				ENABLE_TESTABILITY = YES;
				GCC_C_LANGUAGE_STANDARD = gnu11;
				GCC_DYNAMIC_NO_PIC = NO;
				GCC_NO_COMMON_BLOCKS = YES;
				GCC_OPTIMIZATION_LEVEL = 0;
				GCC_PREPROCESSOR_DEFINITIONS = (
					"DEBUG=1",
					"$(inherited)",
				);
				GCC_WARN_64_TO_32_BIT_CONVERSION = YES;
				GCC_WARN_ABOUT_RETURN_TYPE = YES_ERROR;
				GCC_WARN_UNDECLARED_SELECTOR = YES;
				GCC_WARN_UNINITIALIZED_AUTOS = YES_AGGRESSIVE;
				GCC_WARN_UNUSED_FUNCTION = YES;
				GCC_WARN_UNUSED_VARIABLE = YES;
				IPHONEOS_DEPLOYMENT_TARGET = 16.4;
				MTL_ENABLE_DEBUG_INFO = INCLUDE_SOURCE;
				MTL_FAST_MATH = YES;
				ONLY_ACTIVE_ARCH = YES;
				SDKROOT = iphoneos;
				SWIFT_ACTIVE_COMPILATION_CONDITIONS = DEBUG;
				SWIFT_OPTIMIZATION_LEVEL = "-Onone";
			};
			name = Debug;
		};
		D50995072A1AF79F00CB5035 /* Release */ = {
			isa = XCBuildConfiguration;
			buildSettings = {
				ALWAYS_SEARCH_USER_PATHS = NO;
				CLANG_ANALYZER_NONNULL = YES;
				CLANG_ANALYZER_NUMBER_OBJECT_CONVERSION = YES_AGGRESSIVE;
				CLANG_CXX_LANGUAGE_STANDARD = "gnu++20";
				CLANG_ENABLE_MODULES = YES;
				CLANG_ENABLE_OBJC_ARC = YES;
				CLANG_ENABLE_OBJC_WEAK = YES;
				CLANG_WARN_BLOCK_CAPTURE_AUTORELEASING = YES;
				CLANG_WARN_BOOL_CONVERSION = YES;
				CLANG_WARN_COMMA = YES;
				CLANG_WARN_CONSTANT_CONVERSION = YES;
				CLANG_WARN_DEPRECATED_OBJC_IMPLEMENTATIONS = YES;
				CLANG_WARN_DIRECT_OBJC_ISA_USAGE = YES_ERROR;
				CLANG_WARN_DOCUMENTATION_COMMENTS = YES;
				CLANG_WARN_EMPTY_BODY = YES;
				CLANG_WARN_ENUM_CONVERSION = YES;
				CLANG_WARN_INFINITE_RECURSION = YES;
				CLANG_WARN_INT_CONVERSION = YES;
				CLANG_WARN_NON_LITERAL_NULL_CONVERSION = YES;
				CLANG_WARN_OBJC_IMPLICIT_RETAIN_SELF = YES;
				CLANG_WARN_OBJC_LITERAL_CONVERSION = YES;
				CLANG_WARN_OBJC_ROOT_CLASS = YES_ERROR;
				CLANG_WARN_QUOTED_INCLUDE_IN_FRAMEWORK_HEADER = YES;
				CLANG_WARN_RANGE_LOOP_ANALYSIS = YES;
				CLANG_WARN_STRICT_PROTOTYPES = YES;
				CLANG_WARN_SUSPICIOUS_MOVE = YES;
				CLANG_WARN_UNGUARDED_AVAILABILITY = YES_AGGRESSIVE;
				CLANG_WARN_UNREACHABLE_CODE = YES;
				CLANG_WARN__DUPLICATE_METHOD_MATCH = YES;
				COPY_PHASE_STRIP = NO;
				DEBUG_INFORMATION_FORMAT = "dwarf-with-dsym";
				ENABLE_NS_ASSERTIONS = NO;
				ENABLE_STRICT_OBJC_MSGSEND = YES;
				GCC_C_LANGUAGE_STANDARD = gnu11;
				GCC_NO_COMMON_BLOCKS = YES;
				GCC_WARN_64_TO_32_BIT_CONVERSION = YES;
				GCC_WARN_ABOUT_RETURN_TYPE = YES_ERROR;
				GCC_WARN_UNDECLARED_SELECTOR = YES;
				GCC_WARN_UNINITIALIZED_AUTOS = YES_AGGRESSIVE;
				GCC_WARN_UNUSED_FUNCTION = YES;
				GCC_WARN_UNUSED_VARIABLE = YES;
				IPHONEOS_DEPLOYMENT_TARGET = 16.4;
				MTL_ENABLE_DEBUG_INFO = NO;
				MTL_FAST_MATH = YES;
				SDKROOT = iphoneos;
				SWIFT_COMPILATION_MODE = wholemodule;
				SWIFT_OPTIMIZATION_LEVEL = "-O";
				VALIDATE_PRODUCT = YES;
			};
			name = Release;
		};
		D50995092A1AF79F00CB5035 /* Debug */ = {
			isa = XCBuildConfiguration;
			buildSettings = {
				ASSETCATALOG_COMPILER_APPICON_NAME = AppIcon;
				ASSETCATALOG_COMPILER_GLOBAL_ACCENT_COLOR_NAME = AccentColor;
				CODE_SIGN_STYLE = Automatic;
				CURRENT_PROJECT_VERSION = 1;
				DEVELOPMENT_ASSET_PATHS = "\"Gestor manada/Preview Content\"";
				DEVELOPMENT_TEAM = DX25955AK5;
				ENABLE_PREVIEWS = YES;
				GENERATE_INFOPLIST_FILE = YES;
				INFOPLIST_KEY_UIApplicationSceneManifest_Generation = YES;
				INFOPLIST_KEY_UIApplicationSupportsIndirectInputEvents = YES;
				INFOPLIST_KEY_UILaunchScreen_Generation = YES;
				INFOPLIST_KEY_UISupportedInterfaceOrientations_iPad = "UIInterfaceOrientationPortrait UIInterfaceOrientationPortraitUpsideDown UIInterfaceOrientationLandscapeLeft UIInterfaceOrientationLandscapeRight";
				INFOPLIST_KEY_UISupportedInterfaceOrientations_iPhone = "UIInterfaceOrientationPortrait UIInterfaceOrientationLandscapeLeft UIInterfaceOrientationLandscapeRight";
				LD_RUNPATH_SEARCH_PATHS = (
					"$(inherited)",
					"@executable_path/Frameworks",
				);
				MARKETING_VERSION = 1.0;
				PRODUCT_BUNDLE_IDENTIFIER = "alex.Gestor-manada";
				PRODUCT_NAME = "$(TARGET_NAME)";
				SWIFT_EMIT_LOC_STRINGS = YES;
				SWIFT_VERSION = 5.0;
				TARGETED_DEVICE_FAMILY = "1,2";
			};
			name = Debug;
		};
		D509950A2A1AF79F00CB5035 /* Release */ = {
			isa = XCBuildConfiguration;
			buildSettings = {
				ASSETCATALOG_COMPILER_APPICON_NAME = AppIcon;
				ASSETCATALOG_COMPILER_GLOBAL_ACCENT_COLOR_NAME = AccentColor;
				CODE_SIGN_STYLE = Automatic;
				CURRENT_PROJECT_VERSION = 1;
				DEVELOPMENT_ASSET_PATHS = "\"Gestor manada/Preview Content\"";
				DEVELOPMENT_TEAM = DX25955AK5;
				ENABLE_PREVIEWS = YES;
				GENERATE_INFOPLIST_FILE = YES;
				INFOPLIST_KEY_UIApplicationSceneManifest_Generation = YES;
				INFOPLIST_KEY_UIApplicationSupportsIndirectInputEvents = YES;
				INFOPLIST_KEY_UILaunchScreen_Generation = YES;
				INFOPLIST_KEY_UISupportedInterfaceOrientations_iPad = "UIInterfaceOrientationPortrait UIInterfaceOrientationPortraitUpsideDown UIInterfaceOrientationLandscapeLeft UIInterfaceOrientationLandscapeRight";
				INFOPLIST_KEY_UISupportedInterfaceOrientations_iPhone = "UIInterfaceOrientationPortrait UIInterfaceOrientationLandscapeLeft UIInterfaceOrientationLandscapeRight";
				LD_RUNPATH_SEARCH_PATHS = (
					"$(inherited)",
					"@executable_path/Frameworks",
				);
				MARKETING_VERSION = 1.0;
				PRODUCT_BUNDLE_IDENTIFIER = "alex.Gestor-manada";
				PRODUCT_NAME = "$(TARGET_NAME)";
				SWIFT_EMIT_LOC_STRINGS = YES;
				SWIFT_VERSION = 5.0;
				TARGETED_DEVICE_FAMILY = "1,2";
			};
			name = Release;
		};
/* End XCBuildConfiguration section */

/* Begin XCConfigurationList section */
		D50994F52A1AF79D00CB5035 /* Build configuration list for PBXProject "Gestor manada" */ = {
			isa = XCConfigurationList;
			buildConfigurations = (
				D50995062A1AF79F00CB5035 /* Debug */,
				D50995072A1AF79F00CB5035 /* Release */,
			);
			defaultConfigurationIsVisible = 0;
			defaultConfigurationName = Release;
		};
		D50995082A1AF79F00CB5035 /* Build configuration list for PBXNativeTarget "Gestor manada" */ = {
			isa = XCConfigurationList;
			buildConfigurations = (
				D50995092A1AF79F00CB5035 /* Debug */,
				D509950A2A1AF79F00CB5035 /* Release */,
			);
			defaultConfigurationIsVisible = 0;
			defaultConfigurationName = Release;
		};
/* End XCConfigurationList section */

/* Begin XCRemoteSwiftPackageReference section */
		D50995132A1B048000CB5035 /* XCRemoteSwiftPackageReference "firebase-ios-sdk" */ = {
			isa = XCRemoteSwiftPackageReference;
			repositoryURL = "https://github.com/firebase/firebase-ios-sdk";
			requirement = {
				kind = upToNextMajorVersion;
				minimumVersion = 10.0.0;
			};
		};
/* End XCRemoteSwiftPackageReference section */

/* Begin XCSwiftPackageProductDependency section */
		D50995142A1B048000CB5035 /* FirebaseDatabase */ = {
			isa = XCSwiftPackageProductDependency;
			package = D50995132A1B048000CB5035 /* XCRemoteSwiftPackageReference "firebase-ios-sdk" */;
			productName = FirebaseDatabase;
		};
		D50995162A1B048000CB5035 /* FirebaseDatabaseSwift */ = {
			isa = XCSwiftPackageProductDependency;
			package = D50995132A1B048000CB5035 /* XCRemoteSwiftPackageReference "firebase-ios-sdk" */;
			productName = FirebaseDatabaseSwift;
		};
		D50995182A1B048000CB5035 /* FirebaseFirestoreCombine-Community */ = {
			isa = XCSwiftPackageProductDependency;
			package = D50995132A1B048000CB5035 /* XCRemoteSwiftPackageReference "firebase-ios-sdk" */;
			productName = "FirebaseFirestoreCombine-Community";
		};
/* End XCSwiftPackageProductDependency section */
	};
	rootObject = D50994F22A1AF79D00CB5035 /* Project object */;
}
